// !$*UTF8*$!
{
	archiveVersion = 1;
	classes = {
	};
	objectVersion = 55;
	objects = {

/* Begin PBXBuildFile section */
		A644A994275F32A6000D0B85 /* AppDelegate.swift in Sources */ = {isa = PBXBuildFile; fileRef = A644A993275F32A6000D0B85 /* AppDelegate.swift */; };
		A644A996275F32A6000D0B85 /* SceneDelegate.swift in Sources */ = {isa = PBXBuildFile; fileRef = A644A995275F32A6000D0B85 /* SceneDelegate.swift */; };
		A644A998275F32A6000D0B85 /* ViewController.swift in Sources */ = {isa = PBXBuildFile; fileRef = A644A997275F32A6000D0B85 /* ViewController.swift */; };
		A644A99B275F32A6000D0B85 /* Main.storyboard in Resources */ = {isa = PBXBuildFile; fileRef = A644A999275F32A6000D0B85 /* Main.storyboard */; };
		A644A99D275F32A9000D0B85 /* Assets.xcassets in Resources */ = {isa = PBXBuildFile; fileRef = A644A99C275F32A9000D0B85 /* Assets.xcassets */; };
		A644A9A0275F32A9000D0B85 /* LaunchScreen.storyboard in Resources */ = {isa = PBXBuildFile; fileRef = A644A99E275F32A9000D0B85 /* LaunchScreen.storyboard */; };
		A644A9AF275F3345000D0B85 /* ButtonBuilder.swift in Sources */ = {isa = PBXBuildFile; fileRef = A644A9A8275F3345000D0B85 /* ButtonBuilder.swift */; };
		A644A9B0275F3345000D0B85 /* UIView+Helper.swift in Sources */ = {isa = PBXBuildFile; fileRef = A644A9A9275F3345000D0B85 /* UIView+Helper.swift */; };
		A644A9B1275F3345000D0B85 /* UserDefault.swift in Sources */ = {isa = PBXBuildFile; fileRef = A644A9AA275F3345000D0B85 /* UserDefault.swift */; };
		A644A9B2275F3345000D0B85 /* ReusableView.swift in Sources */ = {isa = PBXBuildFile; fileRef = A644A9AB275F3345000D0B85 /* ReusableView.swift */; };
		A644A9B3275F3345000D0B85 /* NSKeyedArchiver+Helper.swift in Sources */ = {isa = PBXBuildFile; fileRef = A644A9AC275F3345000D0B85 /* NSKeyedArchiver+Helper.swift */; };
		A644A9B4275F3345000D0B85 /* AttributedStringBuilder.swift in Sources */ = {isa = PBXBuildFile; fileRef = A644A9AD275F3345000D0B85 /* AttributedStringBuilder.swift */; };
		A644A9B5275F3345000D0B85 /* NibLoadable.swift in Sources */ = {isa = PBXBuildFile; fileRef = A644A9AE275F3345000D0B85 /* NibLoadable.swift */; };
/* End PBXBuildFile section */

/* Begin PBXFileReference section */
		A644A990275F32A6000D0B85 /* DSL.app */ = {isa = PBXFileReference; explicitFileType = wrapper.application; includeInIndex = 0; path = DSL.app; sourceTree = BUILT_PRODUCTS_DIR; };
		A644A993275F32A6000D0B85 /* AppDelegate.swift */ = {isa = PBXFileReference; lastKnownFileType = sourcecode.swift; path = AppDelegate.swift; sourceTree = "<group>"; };
		A644A995275F32A6000D0B85 /* SceneDelegate.swift */ = {isa = PBXFileReference; lastKnownFileType = sourcecode.swift; path = SceneDelegate.swift; sourceTree = "<group>"; };
		A644A997275F32A6000D0B85 /* ViewController.swift */ = {isa = PBXFileReference; lastKnownFileType = sourcecode.swift; path = ViewController.swift; sourceTree = "<group>"; };
		A644A99A275F32A6000D0B85 /* Base */ = {isa = PBXFileReference; lastKnownFileType = file.storyboard; name = Base; path = Base.lproj/Main.storyboard; sourceTree = "<group>"; };
		A644A99C275F32A9000D0B85 /* Assets.xcassets */ = {isa = PBXFileReference; lastKnownFileType = folder.assetcatalog; path = Assets.xcassets; sourceTree = "<group>"; };
		A644A99F275F32A9000D0B85 /* Base */ = {isa = PBXFileReference; lastKnownFileType = file.storyboard; name = Base; path = Base.lproj/LaunchScreen.storyboard; sourceTree = "<group>"; };
		A644A9A1275F32A9000D0B85 /* Info.plist */ = {isa = PBXFileReference; lastKnownFileType = text.plist.xml; path = Info.plist; sourceTree = "<group>"; };
		A644A9A8275F3345000D0B85 /* ButtonBuilder.swift */ = {isa = PBXFileReference; fileEncoding = 4; lastKnownFileType = sourcecode.swift; path = ButtonBuilder.swift; sourceTree = "<group>"; };
		A644A9A9275F3345000D0B85 /* UIView+Helper.swift */ = {isa = PBXFileReference; fileEncoding = 4; lastKnownFileType = sourcecode.swift; path = "UIView+Helper.swift"; sourceTree = "<group>"; };
		A644A9AA275F3345000D0B85 /* UserDefault.swift */ = {isa = PBXFileReference; fileEncoding = 4; lastKnownFileType = sourcecode.swift; path = UserDefault.swift; sourceTree = "<group>"; };
		A644A9AB275F3345000D0B85 /* ReusableView.swift */ = {isa = PBXFileReference; fileEncoding = 4; lastKnownFileType = sourcecode.swift; path = ReusableView.swift; sourceTree = "<group>"; };
		A644A9AC275F3345000D0B85 /* NSKeyedArchiver+Helper.swift */ = {isa = PBXFileReference; fileEncoding = 4; lastKnownFileType = sourcecode.swift; path = "NSKeyedArchiver+Helper.swift"; sourceTree = "<group>"; };
		A644A9AD275F3345000D0B85 /* AttributedStringBuilder.swift */ = {isa = PBXFileReference; fileEncoding = 4; lastKnownFileType = sourcecode.swift; path = AttributedStringBuilder.swift; sourceTree = "<group>"; };
		A644A9AE275F3345000D0B85 /* NibLoadable.swift */ = {isa = PBXFileReference; fileEncoding = 4; lastKnownFileType = sourcecode.swift; path = NibLoadable.swift; sourceTree = "<group>"; };
/* End PBXFileReference section */

/* Begin PBXFrameworksBuildPhase section */
		A644A98D275F32A6000D0B85 /* Frameworks */ = {
			isa = PBXFrameworksBuildPhase;
			buildActionMask = 2147483647;
			files = (
			);
			runOnlyForDeploymentPostprocessing = 0;
		};
/* End PBXFrameworksBuildPhase section */

/* Begin PBXGroup section */
		A644A987275F32A6000D0B85 = {
			isa = PBXGroup;
			children = (
				A644A992275F32A6000D0B85 /* DSL */,
				A644A991275F32A6000D0B85 /* Products */,
			);
			sourceTree = "<group>";
		};
		A644A991275F32A6000D0B85 /* Products */ = {
			isa = PBXGroup;
			children = (
				A644A990275F32A6000D0B85 /* DSL.app */,
			);
			name = Products;
			sourceTree = "<group>";
		};
		A644A992275F32A6000D0B85 /* DSL */ = {
			isa = PBXGroup;
			children = (
				A644A9A7275F3328000D0B85 /* DSLCode */,
				A644A993275F32A6000D0B85 /* AppDelegate.swift */,
				A644A995275F32A6000D0B85 /* SceneDelegate.swift */,
				A644A997275F32A6000D0B85 /* ViewController.swift */,
				A644A999275F32A6000D0B85 /* Main.storyboard */,
				A644A99C275F32A9000D0B85 /* Assets.xcassets */,
				A644A99E275F32A9000D0B85 /* LaunchScreen.storyboard */,
				A644A9A1275F32A9000D0B85 /* Info.plist */,
			);
			path = DSL;
			sourceTree = "<group>";
		};
		A644A9A7275F3328000D0B85 /* DSLCode */ = {
			isa = PBXGroup;
			children = (
				A644A9AD275F3345000D0B85 /* AttributedStringBuilder.swift */,
				A644A9A8275F3345000D0B85 /* ButtonBuilder.swift */,
				A644A9AE275F3345000D0B85 /* NibLoadable.swift */,
				A644A9AC275F3345000D0B85 /* NSKeyedArchiver+Helper.swift */,
				A644A9AB275F3345000D0B85 /* ReusableView.swift */,
				A644A9A9275F3345000D0B85 /* UIView+Helper.swift */,
				A644A9AA275F3345000D0B85 /* UserDefault.swift */,
			);
			path = DSLCode;
			sourceTree = "<group>";
		};
/* End PBXGroup section */

/* Begin PBXNativeTarget section */
		A644A98F275F32A6000D0B85 /* DSL */ = {
			isa = PBXNativeTarget;
			buildConfigurationList = A644A9A4275F32A9000D0B85 /* Build configuration list for PBXNativeTarget "DSL" */;
			buildPhases = (
				A644A98C275F32A6000D0B85 /* Sources */,
				A644A98D275F32A6000D0B85 /* Frameworks */,
				A644A98E275F32A6000D0B85 /* Resources */,
			);
			buildRules = (
			);
			dependencies = (
			);
			name = DSL;
			productName = DSL;
			productReference = A644A990275F32A6000D0B85 /* DSL.app */;
			productType = "com.apple.product-type.application";
		};
/* End PBXNativeTarget section */

/* Begin PBXProject section */
		A644A988275F32A6000D0B85 /* Project object */ = {
			isa = PBXProject;
			attributes = {
				BuildIndependentTargetsInParallel = 1;
				LastSwiftUpdateCheck = 1300;
				LastUpgradeCheck = 1300;
				TargetAttributes = {
					A644A98F275F32A6000D0B85 = {
						CreatedOnToolsVersion = 13.0;
					};
				};
			};
			buildConfigurationList = A644A98B275F32A6000D0B85 /* Build configuration list for PBXProject "DSL" */;
			compatibilityVersion = "Xcode 13.0";
			developmentRegion = en;
			hasScannedForEncodings = 0;
			knownRegions = (
				en,
				Base,
			);
			mainGroup = A644A987275F32A6000D0B85;
			productRefGroup = A644A991275F32A6000D0B85 /* Products */;
			projectDirPath = "";
			projectRoot = "";
			targets = (
				A644A98F275F32A6000D0B85 /* DSL */,
			);
		};
/* End PBXProject section */

/* Begin PBXResourcesBuildPhase section */
		A644A98E275F32A6000D0B85 /* Resources */ = {
			isa = PBXResourcesBuildPhase;
			buildActionMask = 2147483647;
			files = (
				A644A9A0275F32A9000D0B85 /* LaunchScreen.storyboard in Resources */,
				A644A99D275F32A9000D0B85 /* Assets.xcassets in Resources */,
				A644A99B275F32A6000D0B85 /* Main.storyboard in Resources */,
			);
			runOnlyForDeploymentPostprocessing = 0;
		};
/* End PBXResourcesBuildPhase section */

/* Begin PBXSourcesBuildPhase section */
		A644A98C275F32A6000D0B85 /* Sources */ = {
			isa = PBXSourcesBuildPhase;
			buildActionMask = 2147483647;
			files = (
				A644A998275F32A6000D0B85 /* ViewController.swift in Sources */,
				A644A9B3275F3345000D0B85 /* NSKeyedArchiver+Helper.swift in Sources */,
				A644A9AF275F3345000D0B85 /* ButtonBuilder.swift in Sources */,
				A644A9B5275F3345000D0B85 /* NibLoadable.swift in Sources */,
				A644A9B1275F3345000D0B85 /* UserDefault.swift in Sources */,
				A644A9B4275F3345000D0B85 /* AttributedStringBuilder.swift in Sources */,
				A644A994275F32A6000D0B85 /* AppDelegate.swift in Sources */,
				A644A996275F32A6000D0B85 /* SceneDelegate.swift in Sources */,
				A644A9B2275F3345000D0B85 /* ReusableView.swift in Sources */,
				A644A9B0275F3345000D0B85 /* UIView+Helper.swift in Sources */,
			);
			runOnlyForDeploymentPostprocessing = 0;
		};
/* End PBXSourcesBuildPhase section */

/* Begin PBXVariantGroup section */
		A644A999275F32A6000D0B85 /* Main.storyboard */ = {
			isa = PBXVariantGroup;
			children = (
				A644A99A275F32A6000D0B85 /* Base */,
			);
			name = Main.storyboard;
			sourceTree = "<group>";
		};
		A644A99E275F32A9000D0B85 /* LaunchScreen.storyboard */ = {
			isa = PBXVariantGroup;
			children = (
				A644A99F275F32A9000D0B85 /* Base */,
			);
			name = LaunchScreen.storyboard;
			sourceTree = "<group>";
		};
/* End PBXVariantGroup section */

/* Begin XCBuildConfiguration section */
		A644A9A2275F32A9000D0B85 /* Debug */ = {
			isa = XCBuildConfiguration;
			buildSettings = {
				ALWAYS_SEARCH_USER_PATHS = NO;
				CLANG_ANALYZER_NONNULL = YES;
				CLANG_ANALYZER_NUMBER_OBJECT_CONVERSION = YES_AGGRESSIVE;
				CLANG_CXX_LANGUAGE_STANDARD = "gnu++17";
				CLANG_CXX_LIBRARY = "libc++";
				CLANG_ENABLE_MODULES = YES;
				CLANG_ENABLE_OBJC_ARC = YES;
				CLANG_ENABLE_OBJC_WEAK = YES;
				CLANG_WARN_BLOCK_CAPTURE_AUTORELEASING = YES;
				CLANG_WARN_BOOL_CONVERSION = YES;
				CLANG_WARN_COMMA = YES;
				CLANG_WARN_CONSTANT_CONVERSION = YES;
				CLANG_WARN_DEPRECATED_OBJC_IMPLEMENTATIONS = YES;
				CLANG_WARN_DIRECT_OBJC_ISA_USAGE = YES_ERROR;
				CLANG_WARN_DOCUMENTATION_COMMENTS = YES;
				CLANG_WARN_EMPTY_BODY = YES;
				CLANG_WARN_ENUM_CONVERSION = YES;
				CLANG_WARN_INFINITE_RECURSION = YES;
				CLANG_WARN_INT_CONVERSION = YES;
				CLANG_WARN_NON_LITERAL_NULL_CONVERSION = YES;
				CLANG_WARN_OBJC_IMPLICIT_RETAIN_SELF = YES;
				CLANG_WARN_OBJC_LITERAL_CONVERSION = YES;
				CLANG_WARN_OBJC_ROOT_CLASS = YES_ERROR;
				CLANG_WARN_QUOTED_INCLUDE_IN_FRAMEWORK_HEADER = YES;
				CLANG_WARN_RANGE_LOOP_ANALYSIS = YES;
				CLANG_WARN_STRICT_PROTOTYPES = YES;
				CLANG_WARN_SUSPICIOUS_MOVE = YES;
				CLANG_WARN_UNGUARDED_AVAILABILITY = YES_AGGRESSIVE;
				CLANG_WARN_UNREACHABLE_CODE = YES;
				CLANG_WARN__DUPLICATE_METHOD_MATCH = YES;
				COPY_PHASE_STRIP = NO;
				DEBUG_INFORMATION_FORMAT = dwarf;
				ENABLE_STRICT_OBJC_MSGSEND = YES;
				ENABLE_TESTABILITY = YES;
				GCC_C_LANGUAGE_STANDARD = gnu11;
				GCC_DYNAMIC_NO_PIC = NO;
				GCC_NO_COMMON_BLOCKS = YES;
				GCC_OPTIMIZATION_LEVEL = 0;
				GCC_PREPROCESSOR_DEFINITIONS = (
					"DEBUG=1",
					"$(inherited)",
				);
				GCC_WARN_64_TO_32_BIT_CONVERSION = YES;
				GCC_WARN_ABOUT_RETURN_TYPE = YES_ERROR;
				GCC_WARN_UNDECLARED_SELECTOR = YES;
				GCC_WARN_UNINITIALIZED_AUTOS = YES_AGGRESSIVE;
				GCC_WARN_UNUSED_FUNCTION = YES;
				GCC_WARN_UNUSED_VARIABLE = YES;
				IPHONEOS_DEPLOYMENT_TARGET = 15.0;
				MTL_ENABLE_DEBUG_INFO = INCLUDE_SOURCE;
				MTL_FAST_MATH = YES;
				ONLY_ACTIVE_ARCH = YES;
				SDKROOT = iphoneos;
				SWIFT_ACTIVE_COMPILATION_CONDITIONS = DEBUG;
				SWIFT_OPTIMIZATION_LEVEL = "-Onone";
			};
			name = Debug;
		};
		A644A9A3275F32A9000D0B85 /* Release */ = {
			isa = XCBuildConfiguration;
			buildSettings = {
				ALWAYS_SEARCH_USER_PATHS = NO;
				CLANG_ANALYZER_NONNULL = YES;
				CLANG_ANALYZER_NUMBER_OBJECT_CONVERSION = YES_AGGRESSIVE;
				CLANG_CXX_LANGUAGE_STANDARD = "gnu++17";
				CLANG_CXX_LIBRARY = "libc++";
				CLANG_ENABLE_MODULES = YES;
				CLANG_ENABLE_OBJC_ARC = YES;
				CLANG_ENABLE_OBJC_WEAK = YES;
				CLANG_WARN_BLOCK_CAPTURE_AUTORELEASING = YES;
				CLANG_WARN_BOOL_CONVERSION = YES;
				CLANG_WARN_COMMA = YES;
				CLANG_WARN_CONSTANT_CONVERSION = YES;
				CLANG_WARN_DEPRECATED_OBJC_IMPLEMENTATIONS = YES;
				CLANG_WARN_DIRECT_OBJC_ISA_USAGE = YES_ERROR;
				CLANG_WARN_DOCUMENTATION_COMMENTS = YES;
				CLANG_WARN_EMPTY_BODY = YES;
				CLANG_WARN_ENUM_CONVERSION = YES;
				CLANG_WARN_INFINITE_RECURSION = YES;
				CLANG_WARN_INT_CONVERSION = YES;
				CLANG_WARN_NON_LITERAL_NULL_CONVERSION = YES;
				CLANG_WARN_OBJC_IMPLICIT_RETAIN_SELF = YES;
				CLANG_WARN_OBJC_LITERAL_CONVERSION = YES;
				CLANG_WARN_OBJC_ROOT_CLASS = YES_ERROR;
				CLANG_WARN_QUOTED_INCLUDE_IN_FRAMEWORK_HEADER = YES;
				CLANG_WARN_RANGE_LOOP_ANALYSIS = YES;
				CLANG_WARN_STRICT_PROTOTYPES = YES;
				CLANG_WARN_SUSPICIOUS_MOVE = YES;
				CLANG_WARN_UNGUARDED_AVAILABILITY = YES_AGGRESSIVE;
				CLANG_WARN_UNREACHABLE_CODE = YES;
				CLANG_WARN__DUPLICATE_METHOD_MATCH = YES;
				COPY_PHASE_STRIP = NO;
				DEBUG_INFORMATION_FORMAT = "dwarf-with-dsym";
				ENABLE_NS_ASSERTIONS = NO;
				ENABLE_STRICT_OBJC_MSGSEND = YES;
				GCC_C_LANGUAGE_STANDARD = gnu11;
				GCC_NO_COMMON_BLOCKS = YES;
				GCC_WARN_64_TO_32_BIT_CONVERSION = YES;
				GCC_WARN_ABOUT_RETURN_TYPE = YES_ERROR;
				GCC_WARN_UNDECLARED_SELECTOR = YES;
				GCC_WARN_UNINITIALIZED_AUTOS = YES_AGGRESSIVE;
				GCC_WARN_UNUSED_FUNCTION = YES;
				GCC_WARN_UNUSED_VARIABLE = YES;
				IPHONEOS_DEPLOYMENT_TARGET = 15.0;
				MTL_ENABLE_DEBUG_INFO = NO;
				MTL_FAST_MATH = YES;
				SDKROOT = iphoneos;
				SWIFT_COMPILATION_MODE = wholemodule;
				SWIFT_OPTIMIZATION_LEVEL = "-O";
				VALIDATE_PRODUCT = YES;
			};
			name = Release;
		};
		A644A9A5275F32A9000D0B85 /* Debug */ = {
			isa = XCBuildConfiguration;
			buildSettings = {
				ASSETCATALOG_COMPILER_APPICON_NAME = AppIcon;
				ASSETCATALOG_COMPILER_GLOBAL_ACCENT_COLOR_NAME = AccentColor;
				CODE_SIGN_STYLE = Automatic;
				CURRENT_PROJECT_VERSION = 1;
				GENERATE_INFOPLIST_FILE = YES;
				INFOPLIST_FILE = DSL/Info.plist;
				INFOPLIST_KEY_UIApplicationSupportsIndirectInputEvents = YES;
				INFOPLIST_KEY_UILaunchStoryboardName = LaunchScreen;
				INFOPLIST_KEY_UIMainStoryboardFile = Main;
				INFOPLIST_KEY_UISupportedInterfaceOrientations_iPad = "UIInterfaceOrientationPortrait UIInterfaceOrientationPortraitUpsideDown UIInterfaceOrientationLandscapeLeft UIInterfaceOrientationLandscapeRight";
				INFOPLIST_KEY_UISupportedInterfaceOrientations_iPhone = "UIInterfaceOrientationPortrait UIInterfaceOrientationLandscapeLeft UIInterfaceOrientationLandscapeRight";
				LD_RUNPATH_SEARCH_PATHS = (
					"$(inherited)",
					"@executable_path/Frameworks",
				);
				MARKETING_VERSION = 1.0;
				PRODUCT_BUNDLE_IDENTIFIER = a.DSL;
				PRODUCT_NAME = "$(TARGET_NAME)";
				SWIFT_EMIT_LOC_STRINGS = YES;
				SWIFT_VERSION = 5.0;
				TARGETED_DEVICE_FAMILY = "1,2";
			};
			name = Debug;
		};
		A644A9A6275F32A9000D0B85 /* Release */ = {
			isa = XCBuildConfiguration;
			buildSettings = {
				ASSETCATALOG_COMPILER_APPICON_NAME = AppIcon;
				ASSETCATALOG_COMPILER_GLOBAL_ACCENT_COLOR_NAME = AccentColor;
				CODE_SIGN_STYLE = Automatic;
				CURRENT_PROJECT_VERSION = 1;
				GENERATE_INFOPLIST_FILE = YES;
				INFOPLIST_FILE = DSL/Info.plist;
				INFOPLIST_KEY_UIApplicationSupportsIndirectInputEvents = YES;
				INFOPLIST_KEY_UILaunchStoryboardName = LaunchScreen;
				INFOPLIST_KEY_UIMainStoryboardFile = Main;
				INFOPLIST_KEY_UISupportedInterfaceOrientations_iPad = "UIInterfaceOrientationPortrait UIInterfaceOrientationPortraitUpsideDown UIInterfaceOrientationLandscapeLeft UIInterfaceOrientationLandscapeRight";
				INFOPLIST_KEY_UISupportedInterfaceOrientations_iPhone = "UIInterfaceOrientationPortrait UIInterfaceOrientationLandscapeLeft UIInterfaceOrientationLandscapeRight";
				LD_RUNPATH_SEARCH_PATHS = (
					"$(inherited)",
					"@executable_path/Frameworks",
				);
				MARKETING_VERSION = 1.0;
				PRODUCT_BUNDLE_IDENTIFIER = a.DSL;
				PRODUCT_NAME = "$(TARGET_NAME)";
				SWIFT_EMIT_LOC_STRINGS = YES;
				SWIFT_VERSION = 5.0;
				TARGETED_DEVICE_FAMILY = "1,2";
			};
			name = Release;
		};
/* End XCBuildConfiguration section */

/* Begin XCConfigurationList section */
		A644A98B275F32A6000D0B85 /* Build configuration list for PBXProject "DSL" */ = {
			isa = XCConfigurationList;
			buildConfigurations = (
				A644A9A2275F32A9000D0B85 /* Debug */,
				A644A9A3275F32A9000D0B85 /* Release */,
			);
			defaultConfigurationIsVisible = 0;
			defaultConfigurationName = Release;
		};
		A644A9A4275F32A9000D0B85 /* Build configuration list for PBXNativeTarget "DSL" */ = {
			isa = XCConfigurationList;
			buildConfigurations = (
				A644A9A5275F32A9000D0B85 /* Debug */,
				A644A9A6275F32A9000D0B85 /* Release */,
			);
			defaultConfigurationIsVisible = 0;
			defaultConfigurationName = Release;
		};
/* End XCConfigurationList section */
	};
	rootObject = A644A988275F32A6000D0B85 /* Project object */;
}
